// !$*UTF8*$!
{
	archiveVersion = 1;
	classes = {
	};
	objectVersion = 48;
	objects = {

/* Begin PBXBuildFile section */
		3F502BA514D9A5BE400C78F2 /* Pods_Weather.framework in Frameworks */ = {isa = PBXBuildFile; fileRef = BD9BA4118DE4749D7FDF0275 /* Pods_Weather.framework */; };
		AF236C39CFC6CCAB4BDB2B86 /* Pods_WeatherTests.framework in Frameworks */ = {isa = PBXBuildFile; fileRef = CD84E4022FD75ACA6A26F46D /* Pods_WeatherTests.framework */; };
		E038305C1F8A4D81003C851B /* DataRequest.swift in Sources */ = {isa = PBXBuildFile; fileRef = E038305B1F8A4D81003C851B /* DataRequest.swift */; };
		E03830611F8A59AF003C851B /* Location.swift in Sources */ = {isa = PBXBuildFile; fileRef = E03830601F8A59AF003C851B /* Location.swift */; };
		E03830631F8A59CC003C851B /* GenerateInitialRealm.swift in Sources */ = {isa = PBXBuildFile; fileRef = E03830621F8A59CC003C851B /* GenerateInitialRealm.swift */; };
		E03830661F8A8025003C851B /* city.list.realm in Resources */ = {isa = PBXBuildFile; fileRef = E03830641F8A8003003C851B /* city.list.realm */; };
		E0AB90111F8A9189001A419C /* Forecast.swift in Sources */ = {isa = PBXBuildFile; fileRef = E0AB90101F8A9189001A419C /* Forecast.swift */; };
		E0AE2B991F8A374E0086054F /* AppDelegate.swift in Sources */ = {isa = PBXBuildFile; fileRef = E0AE2B981F8A374E0086054F /* AppDelegate.swift */; };
		E0AE2B9B1F8A374E0086054F /* WeatherViewController.swift in Sources */ = {isa = PBXBuildFile; fileRef = E0AE2B9A1F8A374E0086054F /* WeatherViewController.swift */; };
		E0AE2B9E1F8A374E0086054F /* Main.storyboard in Resources */ = {isa = PBXBuildFile; fileRef = E0AE2B9C1F8A374E0086054F /* Main.storyboard */; };
		E0AE2BA01F8A374E0086054F /* Assets.xcassets in Resources */ = {isa = PBXBuildFile; fileRef = E0AE2B9F1F8A374E0086054F /* Assets.xcassets */; };
		E0AE2BA31F8A374E0086054F /* LaunchScreen.storyboard in Resources */ = {isa = PBXBuildFile; fileRef = E0AE2BA11F8A374E0086054F /* LaunchScreen.storyboard */; };
		E0AE2BAE1F8A374E0086054F /* DataRequestTests.swift in Sources */ = {isa = PBXBuildFile; fileRef = E0AE2BAD1F8A374E0086054F /* DataRequestTests.swift */; };
		E0B292351F8AA12F009F337B /* WeatherError.swift in Sources */ = {isa = PBXBuildFile; fileRef = E0B292341F8AA12F009F337B /* WeatherError.swift */; };
		E0B292371F8AD20C009F337B /* AlertFactory.swift in Sources */ = {isa = PBXBuildFile; fileRef = E0B292361F8AD20C009F337B /* AlertFactory.swift */; };
		E0B292391F8BCBE2009F337B /* WeatherPresenter.swift in Sources */ = {isa = PBXBuildFile; fileRef = E0B292381F8BCBE2009F337B /* WeatherPresenter.swift */; };
		E0B2923B1F8BCC3D009F337B /* LocationPresenter.swift in Sources */ = {isa = PBXBuildFile; fileRef = E0B2923A1F8BCC3D009F337B /* LocationPresenter.swift */; };
		E0B2923D1F8C0F07009F337B /* WeatherCollectionViewCell.swift in Sources */ = {isa = PBXBuildFile; fileRef = E0B2923C1F8C0F07009F337B /* WeatherCollectionViewCell.swift */; };
		E0B2923F1F8C1690009F337B /* PagingCollectionViewFlowLayout.swift in Sources */ = {isa = PBXBuildFile; fileRef = E0B2923E1F8C1690009F337B /* PagingCollectionViewFlowLayout.swift */; };
/* End PBXBuildFile section */

/* Begin PBXContainerItemProxy section */
		E0AE2BAA1F8A374E0086054F /* PBXContainerItemProxy */ = {
			isa = PBXContainerItemProxy;
			containerPortal = E0AE2B8D1F8A374E0086054F /* Project object */;
			proxyType = 1;
			remoteGlobalIDString = E0AE2B941F8A374E0086054F;
			remoteInfo = Weather;
		};
/* End PBXContainerItemProxy section */

/* Begin PBXFileReference section */
		1ABC184A6D7BF4F1F7FDFF14 /* Pods-WeatherTests.debug.xcconfig */ = {isa = PBXFileReference; includeInIndex = 1; lastKnownFileType = text.xcconfig; name = "Pods-WeatherTests.debug.xcconfig"; path = "Pods/Target Support Files/Pods-WeatherTests/Pods-WeatherTests.debug.xcconfig"; sourceTree = "<group>"; };
		3C03E3EBFF7273397C243BF7 /* Pods-WeatherTests.release.xcconfig */ = {isa = PBXFileReference; includeInIndex = 1; lastKnownFileType = text.xcconfig; name = "Pods-WeatherTests.release.xcconfig"; path = "Pods/Target Support Files/Pods-WeatherTests/Pods-WeatherTests.release.xcconfig"; sourceTree = "<group>"; };
		4A87E08E6D6F82EF422684A9 /* Pods-Weather.release.xcconfig */ = {isa = PBXFileReference; includeInIndex = 1; lastKnownFileType = text.xcconfig; name = "Pods-Weather.release.xcconfig"; path = "Pods/Target Support Files/Pods-Weather/Pods-Weather.release.xcconfig"; sourceTree = "<group>"; };
		89FEC9C5DFB24DD012ADCEEB /* Pods-Weather.debug.xcconfig */ = {isa = PBXFileReference; includeInIndex = 1; lastKnownFileType = text.xcconfig; name = "Pods-Weather.debug.xcconfig"; path = "Pods/Target Support Files/Pods-Weather/Pods-Weather.debug.xcconfig"; sourceTree = "<group>"; };
		BD9BA4118DE4749D7FDF0275 /* Pods_Weather.framework */ = {isa = PBXFileReference; explicitFileType = wrapper.framework; includeInIndex = 0; path = Pods_Weather.framework; sourceTree = BUILT_PRODUCTS_DIR; };
		CD84E4022FD75ACA6A26F46D /* Pods_WeatherTests.framework */ = {isa = PBXFileReference; explicitFileType = wrapper.framework; includeInIndex = 0; path = Pods_WeatherTests.framework; sourceTree = BUILT_PRODUCTS_DIR; };
		E038305B1F8A4D81003C851B /* DataRequest.swift */ = {isa = PBXFileReference; lastKnownFileType = sourcecode.swift; path = DataRequest.swift; sourceTree = "<group>"; };
		E038305D1F8A589D003C851B /* city.list.json */ = {isa = PBXFileReference; fileEncoding = 4; lastKnownFileType = text.json; path = city.list.json; sourceTree = "<group>"; };
		E03830601F8A59AF003C851B /* Location.swift */ = {isa = PBXFileReference; lastKnownFileType = sourcecode.swift; name = Location.swift; path = Weather/Model/Location.swift; sourceTree = SOURCE_ROOT; };
		E03830621F8A59CC003C851B /* GenerateInitialRealm.swift */ = {isa = PBXFileReference; lastKnownFileType = sourcecode.swift; path = GenerateInitialRealm.swift; sourceTree = "<group>"; };
		E03830641F8A8003003C851B /* city.list.realm */ = {isa = PBXFileReference; lastKnownFileType = file; path = city.list.realm; sourceTree = "<group>"; };
		E0AB90101F8A9189001A419C /* Forecast.swift */ = {isa = PBXFileReference; lastKnownFileType = sourcecode.swift; path = Forecast.swift; sourceTree = "<group>"; };
		E0AE2B951F8A374E0086054F /* Weather.app */ = {isa = PBXFileReference; explicitFileType = wrapper.application; includeInIndex = 0; path = Weather.app; sourceTree = BUILT_PRODUCTS_DIR; };
		E0AE2B981F8A374E0086054F /* AppDelegate.swift */ = {isa = PBXFileReference; lastKnownFileType = sourcecode.swift; path = AppDelegate.swift; sourceTree = "<group>"; };
		E0AE2B9A1F8A374E0086054F /* WeatherViewController.swift */ = {isa = PBXFileReference; lastKnownFileType = sourcecode.swift; path = WeatherViewController.swift; sourceTree = "<group>"; };
		E0AE2B9D1F8A374E0086054F /* Base */ = {isa = PBXFileReference; lastKnownFileType = file.storyboard; name = Base; path = Base.lproj/Main.storyboard; sourceTree = "<group>"; };
		E0AE2B9F1F8A374E0086054F /* Assets.xcassets */ = {isa = PBXFileReference; lastKnownFileType = folder.assetcatalog; path = Assets.xcassets; sourceTree = "<group>"; };
		E0AE2BA21F8A374E0086054F /* Base */ = {isa = PBXFileReference; lastKnownFileType = file.storyboard; name = Base; path = Base.lproj/LaunchScreen.storyboard; sourceTree = "<group>"; };
		E0AE2BA41F8A374E0086054F /* Info.plist */ = {isa = PBXFileReference; lastKnownFileType = text.plist.xml; path = Info.plist; sourceTree = "<group>"; };
		E0AE2BA91F8A374E0086054F /* WeatherTests.xctest */ = {isa = PBXFileReference; explicitFileType = wrapper.cfbundle; includeInIndex = 0; path = WeatherTests.xctest; sourceTree = BUILT_PRODUCTS_DIR; };
		E0AE2BAD1F8A374E0086054F /* DataRequestTests.swift */ = {isa = PBXFileReference; lastKnownFileType = sourcecode.swift; path = DataRequestTests.swift; sourceTree = "<group>"; };
		E0AE2BAF1F8A374E0086054F /* Info.plist */ = {isa = PBXFileReference; lastKnownFileType = text.plist.xml; path = Info.plist; sourceTree = "<group>"; };
		E0B292341F8AA12F009F337B /* WeatherError.swift */ = {isa = PBXFileReference; lastKnownFileType = sourcecode.swift; path = WeatherError.swift; sourceTree = "<group>"; };
		E0B292361F8AD20C009F337B /* AlertFactory.swift */ = {isa = PBXFileReference; lastKnownFileType = sourcecode.swift; path = AlertFactory.swift; sourceTree = "<group>"; };
		E0B292381F8BCBE2009F337B /* WeatherPresenter.swift */ = {isa = PBXFileReference; lastKnownFileType = sourcecode.swift; path = WeatherPresenter.swift; sourceTree = "<group>"; };
		E0B2923A1F8BCC3D009F337B /* LocationPresenter.swift */ = {isa = PBXFileReference; lastKnownFileType = sourcecode.swift; path = LocationPresenter.swift; sourceTree = "<group>"; };
		E0B2923C1F8C0F07009F337B /* WeatherCollectionViewCell.swift */ = {isa = PBXFileReference; lastKnownFileType = sourcecode.swift; path = WeatherCollectionViewCell.swift; sourceTree = "<group>"; };
		E0B2923E1F8C1690009F337B /* PagingCollectionViewFlowLayout.swift */ = {isa = PBXFileReference; lastKnownFileType = sourcecode.swift; path = PagingCollectionViewFlowLayout.swift; sourceTree = "<group>"; };
/* End PBXFileReference section */

/* Begin PBXFrameworksBuildPhase section */
		E0AE2B921F8A374E0086054F /* Frameworks */ = {
			isa = PBXFrameworksBuildPhase;
			buildActionMask = 2147483647;
			files = (
				3F502BA514D9A5BE400C78F2 /* Pods_Weather.framework in Frameworks */,
			);
			runOnlyForDeploymentPostprocessing = 0;
		};
		E0AE2BA61F8A374E0086054F /* Frameworks */ = {
			isa = PBXFrameworksBuildPhase;
			buildActionMask = 2147483647;
			files = (
				AF236C39CFC6CCAB4BDB2B86 /* Pods_WeatherTests.framework in Frameworks */,
			);
			runOnlyForDeploymentPostprocessing = 0;
		};
/* End PBXFrameworksBuildPhase section */

/* Begin PBXGroup section */
		3AD3FA79BC7D602767E04533 /* Pods */ = {
			isa = PBXGroup;
			children = (
				89FEC9C5DFB24DD012ADCEEB /* Pods-Weather.debug.xcconfig */,
				4A87E08E6D6F82EF422684A9 /* Pods-Weather.release.xcconfig */,
				1ABC184A6D7BF4F1F7FDFF14 /* Pods-WeatherTests.debug.xcconfig */,
				3C03E3EBFF7273397C243BF7 /* Pods-WeatherTests.release.xcconfig */,
			);
			name = Pods;
			sourceTree = "<group>";
		};
		65515D31687A16B066DBD921 /* Frameworks */ = {
			isa = PBXGroup;
			children = (
				BD9BA4118DE4749D7FDF0275 /* Pods_Weather.framework */,
				CD84E4022FD75ACA6A26F46D /* Pods_WeatherTests.framework */,
			);
			name = Frameworks;
			sourceTree = "<group>";
		};
		E038305F1F8A5964003C851B /* Generate DB */ = {
			isa = PBXGroup;
			children = (
				E03830621F8A59CC003C851B /* GenerateInitialRealm.swift */,
			);
			path = "Generate DB";
			sourceTree = "<group>";
		};
		E0AB90121F8A971E001A419C /* Resources */ = {
			isa = PBXGroup;
			children = (
				E0B292361F8AD20C009F337B /* AlertFactory.swift */,
				E0B292341F8AA12F009F337B /* WeatherError.swift */,
				E03830641F8A8003003C851B /* city.list.realm */,
				E038305D1F8A589D003C851B /* city.list.json */,
			);
			path = Resources;
			sourceTree = "<group>";
		};
		E0AE2B8C1F8A374E0086054F = {
			isa = PBXGroup;
			children = (
				E0AE2B971F8A374E0086054F /* Weather */,
				E0AE2BAC1F8A374E0086054F /* WeatherTests */,
				E0AE2B961F8A374E0086054F /* Products */,
				3AD3FA79BC7D602767E04533 /* Pods */,
				65515D31687A16B066DBD921 /* Frameworks */,
			);
			sourceTree = "<group>";
		};
		E0AE2B961F8A374E0086054F /* Products */ = {
			isa = PBXGroup;
			children = (
				E0AE2B951F8A374E0086054F /* Weather.app */,
				E0AE2BA91F8A374E0086054F /* WeatherTests.xctest */,
			);
			name = Products;
			sourceTree = "<group>";
		};
		E0AE2B971F8A374E0086054F /* Weather */ = {
			isa = PBXGroup;
			children = (
				E0AE2BB81F8A49520086054F /* View */,
				E0AE2BB91F8A4A090086054F /* Presenter */,
				E0AE2BBA1F8A4A120086054F /* Model */,
				E0AE2BBB1F8A4A160086054F /* Network */,
				E0AB90121F8A971E001A419C /* Resources */,
				E038305F1F8A5964003C851B /* Generate DB */,
				E0AE2B981F8A374E0086054F /* AppDelegate.swift */,
				E0AE2B9F1F8A374E0086054F /* Assets.xcassets */,
				E0AE2BA11F8A374E0086054F /* LaunchScreen.storyboard */,
				E0AE2BA41F8A374E0086054F /* Info.plist */,
			);
			path = Weather;
			sourceTree = "<group>";
		};
		E0AE2BAC1F8A374E0086054F /* WeatherTests */ = {
			isa = PBXGroup;
			children = (
				E0AE2BAD1F8A374E0086054F /* DataRequestTests.swift */,
				E0AE2BAF1F8A374E0086054F /* Info.plist */,
			);
			path = WeatherTests;
			sourceTree = "<group>";
		};
		E0AE2BB81F8A49520086054F /* View */ = {
			isa = PBXGroup;
			children = (
				E0AE2B9C1F8A374E0086054F /* Main.storyboard */,
				E0AE2B9A1F8A374E0086054F /* WeatherViewController.swift */,
				E0B2923C1F8C0F07009F337B /* WeatherCollectionViewCell.swift */,
				E0B2923E1F8C1690009F337B /* PagingCollectionViewFlowLayout.swift */,
			);
			path = View;
			sourceTree = "<group>";
		};
		E0AE2BB91F8A4A090086054F /* Presenter */ = {
			isa = PBXGroup;
			children = (
				E0B292381F8BCBE2009F337B /* WeatherPresenter.swift */,
				E0B2923A1F8BCC3D009F337B /* LocationPresenter.swift */,
			);
			path = Presenter;
			sourceTree = "<group>";
		};
		E0AE2BBA1F8A4A120086054F /* Model */ = {
			isa = PBXGroup;
			children = (
				E03830601F8A59AF003C851B /* Location.swift */,
				E0AB90101F8A9189001A419C /* Forecast.swift */,
			);
			path = Model;
			sourceTree = "<group>";
		};
		E0AE2BBB1F8A4A160086054F /* Network */ = {
			isa = PBXGroup;
			children = (
				E038305B1F8A4D81003C851B /* DataRequest.swift */,
			);
			path = Network;
			sourceTree = "<group>";
		};
/* End PBXGroup section */

/* Begin PBXNativeTarget section */
		E0AE2B941F8A374E0086054F /* Weather */ = {
			isa = PBXNativeTarget;
			buildConfigurationList = E0AE2BB21F8A374E0086054F /* Build configuration list for PBXNativeTarget "Weather" */;
			buildPhases = (
				BE1CDEF5BEE1648C1014B8AD /* [CP] Check Pods Manifest.lock */,
				E0AE2B911F8A374E0086054F /* Sources */,
				E0AE2B921F8A374E0086054F /* Frameworks */,
				E0AE2B931F8A374E0086054F /* Resources */,
				A9F0EB838D9E48A9DA4CE187 /* [CP] Embed Pods Frameworks */,
				1FCD5B603BD00C2D101B5D8A /* [CP] Copy Pods Resources */,
			);
			buildRules = (
			);
			dependencies = (
			);
			name = Weather;
			productName = Weather;
			productReference = E0AE2B951F8A374E0086054F /* Weather.app */;
			productType = "com.apple.product-type.application";
		};
		E0AE2BA81F8A374E0086054F /* WeatherTests */ = {
			isa = PBXNativeTarget;
			buildConfigurationList = E0AE2BB51F8A374E0086054F /* Build configuration list for PBXNativeTarget "WeatherTests" */;
			buildPhases = (
				00430D7CEC75B530985B6098 /* [CP] Check Pods Manifest.lock */,
				E0AE2BA51F8A374E0086054F /* Sources */,
				E0AE2BA61F8A374E0086054F /* Frameworks */,
				E0AE2BA71F8A374E0086054F /* Resources */,
				D90F06F3B36CDA8B76CA33A6 /* [CP] Embed Pods Frameworks */,
				FAB503E205613D6F734AD7F7 /* [CP] Copy Pods Resources */,
			);
			buildRules = (
			);
			dependencies = (
				E0AE2BAB1F8A374E0086054F /* PBXTargetDependency */,
			);
			name = WeatherTests;
			productName = WeatherTests;
			productReference = E0AE2BA91F8A374E0086054F /* WeatherTests.xctest */;
			productType = "com.apple.product-type.bundle.unit-test";
		};
/* End PBXNativeTarget section */

/* Begin PBXProject section */
		E0AE2B8D1F8A374E0086054F /* Project object */ = {
			isa = PBXProject;
			attributes = {
				LastSwiftUpdateCheck = 0900;
				LastUpgradeCheck = 0900;
				ORGANIZATIONNAME = nsdave;
				TargetAttributes = {
					E0AE2B941F8A374E0086054F = {
						CreatedOnToolsVersion = 9.0;
						ProvisioningStyle = Automatic;
					};
					E0AE2BA81F8A374E0086054F = {
						CreatedOnToolsVersion = 9.0;
						ProvisioningStyle = Automatic;
						TestTargetID = E0AE2B941F8A374E0086054F;
					};
				};
			};
			buildConfigurationList = E0AE2B901F8A374E0086054F /* Build configuration list for PBXProject "Weather" */;
			compatibilityVersion = "Xcode 8.0";
			developmentRegion = en;
			hasScannedForEncodings = 0;
			knownRegions = (
				en,
				Base,
			);
			mainGroup = E0AE2B8C1F8A374E0086054F;
			productRefGroup = E0AE2B961F8A374E0086054F /* Products */;
			projectDirPath = "";
			projectRoot = "";
			targets = (
				E0AE2B941F8A374E0086054F /* Weather */,
				E0AE2BA81F8A374E0086054F /* WeatherTests */,
			);
		};
/* End PBXProject section */

/* Begin PBXResourcesBuildPhase section */
		E0AE2B931F8A374E0086054F /* Resources */ = {
			isa = PBXResourcesBuildPhase;
			buildActionMask = 2147483647;
			files = (
				E03830661F8A8025003C851B /* city.list.realm in Resources */,
				E0AE2BA31F8A374E0086054F /* LaunchScreen.storyboard in Resources */,
				E0AE2BA01F8A374E0086054F /* Assets.xcassets in Resources */,
				E0AE2B9E1F8A374E0086054F /* Main.storyboard in Resources */,
			);
			runOnlyForDeploymentPostprocessing = 0;
		};
		E0AE2BA71F8A374E0086054F /* Resources */ = {
			isa = PBXResourcesBuildPhase;
			buildActionMask = 2147483647;
			files = (
			);
			runOnlyForDeploymentPostprocessing = 0;
		};
/* End PBXResourcesBuildPhase section */

/* Begin PBXShellScriptBuildPhase section */
		00430D7CEC75B530985B6098 /* [CP] Check Pods Manifest.lock */ = {
			isa = PBXShellScriptBuildPhase;
			buildActionMask = 2147483647;
			files = (
			);
			inputPaths = (
			);
			name = "[CP] Check Pods Manifest.lock";
			outputPaths = (
			);
			runOnlyForDeploymentPostprocessing = 0;
			shellPath = /bin/sh;
			shellScript = "diff \"${PODS_ROOT}/../Podfile.lock\" \"${PODS_ROOT}/Manifest.lock\" > /dev/null\nif [ $? != 0 ] ; then\n    # print error to STDERR\n    echo \"error: The sandbox is not in sync with the Podfile.lock. Run 'pod install' or update your CocoaPods installation.\" >&2\n    exit 1\nfi\n";
			showEnvVarsInLog = 0;
		};
		1FCD5B603BD00C2D101B5D8A /* [CP] Copy Pods Resources */ = {
			isa = PBXShellScriptBuildPhase;
			buildActionMask = 2147483647;
			files = (
			);
			inputPaths = (
			);
			name = "[CP] Copy Pods Resources";
			outputPaths = (
			);
			runOnlyForDeploymentPostprocessing = 0;
			shellPath = /bin/sh;
			shellScript = "\"${SRCROOT}/Pods/Target Support Files/Pods-Weather/Pods-Weather-resources.sh\"\n";
			showEnvVarsInLog = 0;
		};
		A9F0EB838D9E48A9DA4CE187 /* [CP] Embed Pods Frameworks */ = {
			isa = PBXShellScriptBuildPhase;
			buildActionMask = 2147483647;
			files = (
			);
			inputPaths = (
			);
			name = "[CP] Embed Pods Frameworks";
			outputPaths = (
			);
			runOnlyForDeploymentPostprocessing = 0;
			shellPath = /bin/sh;
			shellScript = "\"${SRCROOT}/Pods/Target Support Files/Pods-Weather/Pods-Weather-frameworks.sh\"\n";
			showEnvVarsInLog = 0;
		};
		BE1CDEF5BEE1648C1014B8AD /* [CP] Check Pods Manifest.lock */ = {
			isa = PBXShellScriptBuildPhase;
			buildActionMask = 2147483647;
			files = (
			);
			inputPaths = (
			);
			name = "[CP] Check Pods Manifest.lock";
			outputPaths = (
			);
			runOnlyForDeploymentPostprocessing = 0;
			shellPath = /bin/sh;
			shellScript = "diff \"${PODS_ROOT}/../Podfile.lock\" \"${PODS_ROOT}/Manifest.lock\" > /dev/null\nif [ $? != 0 ] ; then\n    # print error to STDERR\n    echo \"error: The sandbox is not in sync with the Podfile.lock. Run 'pod install' or update your CocoaPods installation.\" >&2\n    exit 1\nfi\n";
			showEnvVarsInLog = 0;
		};
		D90F06F3B36CDA8B76CA33A6 /* [CP] Embed Pods Frameworks */ = {
			isa = PBXShellScriptBuildPhase;
			buildActionMask = 2147483647;
			files = (
			);
			inputPaths = (
			);
			name = "[CP] Embed Pods Frameworks";
			outputPaths = (
			);
			runOnlyForDeploymentPostprocessing = 0;
			shellPath = /bin/sh;
			shellScript = "\"${SRCROOT}/Pods/Target Support Files/Pods-WeatherTests/Pods-WeatherTests-frameworks.sh\"\n";
			showEnvVarsInLog = 0;
		};
		FAB503E205613D6F734AD7F7 /* [CP] Copy Pods Resources */ = {
			isa = PBXShellScriptBuildPhase;
			buildActionMask = 2147483647;
			files = (
			);
			inputPaths = (
			);
			name = "[CP] Copy Pods Resources";
			outputPaths = (
			);
			runOnlyForDeploymentPostprocessing = 0;
			shellPath = /bin/sh;
			shellScript = "\"${SRCROOT}/Pods/Target Support Files/Pods-WeatherTests/Pods-WeatherTests-resources.sh\"\n";
			showEnvVarsInLog = 0;
		};
/* End PBXShellScriptBuildPhase section */

/* Begin PBXSourcesBuildPhase section */
		E0AE2B911F8A374E0086054F /* Sources */ = {
			isa = PBXSourcesBuildPhase;
			buildActionMask = 2147483647;
			files = (
				E038305C1F8A4D81003C851B /* DataRequest.swift in Sources */,
				E0AE2B9B1F8A374E0086054F /* WeatherViewController.swift in Sources */,
				E0B2923D1F8C0F07009F337B /* WeatherCollectionViewCell.swift in Sources */,
				E0B292391F8BCBE2009F337B /* WeatherPresenter.swift in Sources */,
				E03830611F8A59AF003C851B /* Location.swift in Sources */,
				E0AE2B991F8A374E0086054F /* AppDelegate.swift in Sources */,
				E0B2923F1F8C1690009F337B /* PagingCollectionViewFlowLayout.swift in Sources */,
				E0AB90111F8A9189001A419C /* Forecast.swift in Sources */,
				E0B292371F8AD20C009F337B /* AlertFactory.swift in Sources */,
				E0B2923B1F8BCC3D009F337B /* LocationPresenter.swift in Sources */,
				E03830631F8A59CC003C851B /* GenerateInitialRealm.swift in Sources */,
				E0B292351F8AA12F009F337B /* WeatherError.swift in Sources */,
			);
			runOnlyForDeploymentPostprocessing = 0;
		};
		E0AE2BA51F8A374E0086054F /* Sources */ = {
			isa = PBXSourcesBuildPhase;
			buildActionMask = 2147483647;
			files = (
				E0AE2BAE1F8A374E0086054F /* DataRequestTests.swift in Sources */,
			);
			runOnlyForDeploymentPostprocessing = 0;
		};
/* End PBXSourcesBuildPhase section */

/* Begin PBXTargetDependency section */
		E0AE2BAB1F8A374E0086054F /* PBXTargetDependency */ = {
			isa = PBXTargetDependency;
			target = E0AE2B941F8A374E0086054F /* Weather */;
			targetProxy = E0AE2BAA1F8A374E0086054F /* PBXContainerItemProxy */;
		};
/* End PBXTargetDependency section */

/* Begin PBXVariantGroup section */
		E0AE2B9C1F8A374E0086054F /* Main.storyboard */ = {
			isa = PBXVariantGroup;
			children = (
				E0AE2B9D1F8A374E0086054F /* Base */,
			);
			name = Main.storyboard;
			sourceTree = "<group>";
		};
		E0AE2BA11F8A374E0086054F /* LaunchScreen.storyboard */ = {
			isa = PBXVariantGroup;
			children = (
				E0AE2BA21F8A374E0086054F /* Base */,
			);
			name = LaunchScreen.storyboard;
			sourceTree = "<group>";
		};
/* End PBXVariantGroup section */

/* Begin XCBuildConfiguration section */
		E0AE2BB01F8A374E0086054F /* Debug */ = {
			isa = XCBuildConfiguration;
			buildSettings = {
				ALWAYS_SEARCH_USER_PATHS = NO;
				CLANG_ANALYZER_NONNULL = YES;
				CLANG_ANALYZER_NUMBER_OBJECT_CONVERSION = YES_AGGRESSIVE;
				CLANG_CXX_LANGUAGE_STANDARD = "gnu++14";
				CLANG_CXX_LIBRARY = "libc++";
				CLANG_ENABLE_MODULES = YES;
				CLANG_ENABLE_OBJC_ARC = YES;
				CLANG_WARN_BLOCK_CAPTURE_AUTORELEASING = YES;
				CLANG_WARN_BOOL_CONVERSION = YES;
				CLANG_WARN_COMMA = YES;
				CLANG_WARN_CONSTANT_CONVERSION = YES;
				CLANG_WARN_DIRECT_OBJC_ISA_USAGE = YES_ERROR;
				CLANG_WARN_DOCUMENTATION_COMMENTS = YES;
				CLANG_WARN_EMPTY_BODY = YES;
				CLANG_WARN_ENUM_CONVERSION = YES;
				CLANG_WARN_INFINITE_RECURSION = YES;
				CLANG_WARN_INT_CONVERSION = YES;
				CLANG_WARN_NON_LITERAL_NULL_CONVERSION = YES;
				CLANG_WARN_OBJC_LITERAL_CONVERSION = YES;
				CLANG_WARN_OBJC_ROOT_CLASS = YES_ERROR;
				CLANG_WARN_RANGE_LOOP_ANALYSIS = YES;
				CLANG_WARN_STRICT_PROTOTYPES = YES;
				CLANG_WARN_SUSPICIOUS_MOVE = YES;
				CLANG_WARN_UNGUARDED_AVAILABILITY = YES_AGGRESSIVE;
				CLANG_WARN_UNREACHABLE_CODE = YES;
				CLANG_WARN__DUPLICATE_METHOD_MATCH = YES;
				CODE_SIGN_IDENTITY = "iPhone Developer";
				COPY_PHASE_STRIP = NO;
				DEBUG_INFORMATION_FORMAT = dwarf;
				ENABLE_STRICT_OBJC_MSGSEND = YES;
				ENABLE_TESTABILITY = YES;
				GCC_C_LANGUAGE_STANDARD = gnu11;
				GCC_DYNAMIC_NO_PIC = NO;
				GCC_NO_COMMON_BLOCKS = YES;
				GCC_OPTIMIZATION_LEVEL = 0;
				GCC_PREPROCESSOR_DEFINITIONS = (
					"DEBUG=1",
					"$(inherited)",
				);
				GCC_WARN_64_TO_32_BIT_CONVERSION = YES;
				GCC_WARN_ABOUT_RETURN_TYPE = YES_ERROR;
				GCC_WARN_UNDECLARED_SELECTOR = YES;
				GCC_WARN_UNINITIALIZED_AUTOS = YES_AGGRESSIVE;
				GCC_WARN_UNUSED_FUNCTION = YES;
				GCC_WARN_UNUSED_VARIABLE = YES;
				IPHONEOS_DEPLOYMENT_TARGET = 11.0;
				MTL_ENABLE_DEBUG_INFO = YES;
				ONLY_ACTIVE_ARCH = YES;
				SDKROOT = iphoneos;
				SWIFT_ACTIVE_COMPILATION_CONDITIONS = DEBUG;
				SWIFT_OPTIMIZATION_LEVEL = "-Onone";
			};
			name = Debug;
		};
		E0AE2BB11F8A374E0086054F /* Release */ = {
			isa = XCBuildConfiguration;
			buildSettings = {
				ALWAYS_SEARCH_USER_PATHS = NO;
				CLANG_ANALYZER_NONNULL = YES;
				CLANG_ANALYZER_NUMBER_OBJECT_CONVERSION = YES_AGGRESSIVE;
				CLANG_CXX_LANGUAGE_STANDARD = "gnu++14";
				CLANG_CXX_LIBRARY = "libc++";
				CLANG_ENABLE_MODULES = YES;
				CLANG_ENABLE_OBJC_ARC = YES;
				CLANG_WARN_BLOCK_CAPTURE_AUTORELEASING = YES;
				CLANG_WARN_BOOL_CONVERSION = YES;
				CLANG_WARN_COMMA = YES;
				CLANG_WARN_CONSTANT_CONVERSION = YES;
				CLANG_WARN_DIRECT_OBJC_ISA_USAGE = YES_ERROR;
				CLANG_WARN_DOCUMENTATION_COMMENTS = YES;
				CLANG_WARN_EMPTY_BODY = YES;
				CLANG_WARN_ENUM_CONVERSION = YES;
				CLANG_WARN_INFINITE_RECURSION = YES;
				CLANG_WARN_INT_CONVERSION = YES;
				CLANG_WARN_NON_LITERAL_NULL_CONVERSION = YES;
				CLANG_WARN_OBJC_LITERAL_CONVERSION = YES;
				CLANG_WARN_OBJC_ROOT_CLASS = YES_ERROR;
				CLANG_WARN_RANGE_LOOP_ANALYSIS = YES;
				CLANG_WARN_STRICT_PROTOTYPES = YES;
				CLANG_WARN_SUSPICIOUS_MOVE = YES;
				CLANG_WARN_UNGUARDED_AVAILABILITY = YES_AGGRESSIVE;
				CLANG_WARN_UNREACHABLE_CODE = YES;
				CLANG_WARN__DUPLICATE_METHOD_MATCH = YES;
				CODE_SIGN_IDENTITY = "iPhone Developer";
				COPY_PHASE_STRIP = NO;
				DEBUG_INFORMATION_FORMAT = "dwarf-with-dsym";
				ENABLE_NS_ASSERTIONS = NO;
				ENABLE_STRICT_OBJC_MSGSEND = YES;
				GCC_C_LANGUAGE_STANDARD = gnu11;
				GCC_NO_COMMON_BLOCKS = YES;
				GCC_WARN_64_TO_32_BIT_CONVERSION = YES;
				GCC_WARN_ABOUT_RETURN_TYPE = YES_ERROR;
				GCC_WARN_UNDECLARED_SELECTOR = YES;
				GCC_WARN_UNINITIALIZED_AUTOS = YES_AGGRESSIVE;
				GCC_WARN_UNUSED_FUNCTION = YES;
				GCC_WARN_UNUSED_VARIABLE = YES;
				IPHONEOS_DEPLOYMENT_TARGET = 11.0;
				MTL_ENABLE_DEBUG_INFO = NO;
				SDKROOT = iphoneos;
				SWIFT_OPTIMIZATION_LEVEL = "-Owholemodule";
				VALIDATE_PRODUCT = YES;
			};
			name = Release;
		};
		E0AE2BB31F8A374E0086054F /* Debug */ = {
			isa = XCBuildConfiguration;
			baseConfigurationReference = 89FEC9C5DFB24DD012ADCEEB /* Pods-Weather.debug.xcconfig */;
			buildSettings = {
				ASSETCATALOG_COMPILER_APPICON_NAME = AppIcon;
				CODE_SIGN_STYLE = Automatic;
				DEVELOPMENT_TEAM = H79QM97T32;
				INFOPLIST_FILE = Weather/Info.plist;
				LD_RUNPATH_SEARCH_PATHS = "$(inherited) @executable_path/Frameworks";
				PRODUCT_BUNDLE_IDENTIFIER = com.nsdave.Weather;
				PRODUCT_NAME = "$(TARGET_NAME)";
				SWIFT_VERSION = 4.0;
				TARGETED_DEVICE_FAMILY = 1;
			};
			name = Debug;
		};
		E0AE2BB41F8A374E0086054F /* Release */ = {
			isa = XCBuildConfiguration;
			baseConfigurationReference = 4A87E08E6D6F82EF422684A9 /* Pods-Weather.release.xcconfig */;
			buildSettings = {
				ASSETCATALOG_COMPILER_APPICON_NAME = AppIcon;
				CODE_SIGN_STYLE = Automatic;
				DEVELOPMENT_TEAM = H79QM97T32;
				INFOPLIST_FILE = Weather/Info.plist;
				LD_RUNPATH_SEARCH_PATHS = "$(inherited) @executable_path/Frameworks";
				PRODUCT_BUNDLE_IDENTIFIER = com.nsdave.Weather;
				PRODUCT_NAME = "$(TARGET_NAME)";
				SWIFT_VERSION = 4.0;
				TARGETED_DEVICE_FAMILY = 1;
			};
			name = Release;
		};
		E0AE2BB61F8A374E0086054F /* Debug */ = {
			isa = XCBuildConfiguration;
			baseConfigurationReference = 1ABC184A6D7BF4F1F7FDFF14 /* Pods-WeatherTests.debug.xcconfig */;
			buildSettings = {
				ALWAYS_EMBED_SWIFT_STANDARD_LIBRARIES = YES;
				BUNDLE_LOADER = "$(TEST_HOST)";
				CODE_SIGN_STYLE = Automatic;
				DEVELOPMENT_TEAM = H79QM97T32;
				INFOPLIST_FILE = WeatherTests/Info.plist;
				LD_RUNPATH_SEARCH_PATHS = "$(inherited) @executable_path/Frameworks @loader_path/Frameworks";
				PRODUCT_BUNDLE_IDENTIFIER = com.nsdave.WeatherTests;
				PRODUCT_NAME = "$(TARGET_NAME)";
				SWIFT_VERSION = 4.0;
				TARGETED_DEVICE_FAMILY = "1,2";
				TEST_HOST = "$(BUILT_PRODUCTS_DIR)/Weather.app/Weather";
			};
			name = Debug;
		};
		E0AE2BB71F8A374E0086054F /* Release */ = {
			isa = XCBuildConfiguration;
			baseConfigurationReference = 3C03E3EBFF7273397C243BF7 /* Pods-WeatherTests.release.xcconfig */;
			buildSettings = {
				ALWAYS_EMBED_SWIFT_STANDARD_LIBRARIES = YES;
				BUNDLE_LOADER = "$(TEST_HOST)";
				CODE_SIGN_STYLE = Automatic;
				DEVELOPMENT_TEAM = H79QM97T32;
				INFOPLIST_FILE = WeatherTests/Info.plist;
				LD_RUNPATH_SEARCH_PATHS = "$(inherited) @executable_path/Frameworks @loader_path/Frameworks";
				PRODUCT_BUNDLE_IDENTIFIER = com.nsdave.WeatherTests;
				PRODUCT_NAME = "$(TARGET_NAME)";
				SWIFT_VERSION = 4.0;
				TARGETED_DEVICE_FAMILY = "1,2";
				TEST_HOST = "$(BUILT_PRODUCTS_DIR)/Weather.app/Weather";
			};
			name = Release;
		};
/* End XCBuildConfiguration section */

/* Begin XCConfigurationList section */
		E0AE2B901F8A374E0086054F /* Build configuration list for PBXProject "Weather" */ = {
			isa = XCConfigurationList;
			buildConfigurations = (
				E0AE2BB01F8A374E0086054F /* Debug */,
				E0AE2BB11F8A374E0086054F /* Release */,
			);
			defaultConfigurationIsVisible = 0;
			defaultConfigurationName = Release;
		};
		E0AE2BB21F8A374E0086054F /* Build configuration list for PBXNativeTarget "Weather" */ = {
			isa = XCConfigurationList;
			buildConfigurations = (
				E0AE2BB31F8A374E0086054F /* Debug */,
				E0AE2BB41F8A374E0086054F /* Release */,
			);
			defaultConfigurationIsVisible = 0;
			defaultConfigurationName = Release;
		};
		E0AE2BB51F8A374E0086054F /* Build configuration list for PBXNativeTarget "WeatherTests" */ = {
			isa = XCConfigurationList;
			buildConfigurations = (
				E0AE2BB61F8A374E0086054F /* Debug */,
				E0AE2BB71F8A374E0086054F /* Release */,
			);
			defaultConfigurationIsVisible = 0;
			defaultConfigurationName = Release;
		};
/* End XCConfigurationList section */
	};
	rootObject = E0AE2B8D1F8A374E0086054F /* Project object */;
}
